
Microsoft Visual Studio Solution File, Format Version 12.00
# Visual Studio Version 17
VisualStudioVersion = 17.3.32929.385
MinimumVisualStudioVersion = 10.0.40219.1
Project("{FAE04EC0-301F-11D3-BF4B-00C04F79EFBC}") = "LINQMethodSintaksa", "LINQMethodSintaksa\LINQMethodSintaksa.csproj", "{E18A1B80-089E-437D-8A5F-17A3FCAECA5F}"
EndProject
Global
	GlobalSection(SolutionConfigurationPlatforms) = preSolution
		Debug|Any CPU = Debug|Any CPU
		Release|Any CPU = Release|Any CPU
	EndGlobalSection
	GlobalSection(ProjectConfigurationPlatforms) = postSolution
		{E18A1B80-089E-437D-8A5F-17A3FCAECA5F}.Debug|Any CPU.ActiveCfg = Debug|Any CPU
		{E18A1B80-089E-437D-8A5F-17A3FCAECA5F}.Debug|Any CPU.Build.0 = Debug|Any CPU
		{E18A1B80-089E-437D-8A5F-17A3FCAECA5F}.Release|Any CPU.ActiveCfg = Release|Any CPU
		{E18A1B80-089E-437D-8A5F-17A3FCAECA5F}.Release|Any CPU.Build.0 = Release|Any CPU
	EndGlobalSection
	GlobalSection(SolutionProperties) = preSolution
		HideSolutionNode = FALSE
	EndGlobalSection
	GlobalSection(ExtensibilityGlobals) = postSolution
		SolutionGuid = {9A15AEE0-EDFB-4957-A809-94E789FA8545}
	EndGlobalSection
EndGlobal
